
Microsoft Visual Studio Solution File, Format Version 12.00
# Visual Studio Version 17
VisualStudioVersion = 17.7.34024.191
MinimumVisualStudioVersion = 10.0.40219.1
Project("{FAE04EC0-301F-11D3-BF4B-00C04F79EFBC}") = "BackgroundJobsWithHangfire", "BackgroundJobsWithHangfire\BackgroundJobsWithHangfire.csproj", "{71AB9433-8F50-4BEA-A510-38A5C1DF339A}"
EndProject
Global
	GlobalSection(SolutionConfigurationPlatforms) = preSolution
		Debug|Any CPU = Debug|Any CPU
		Release|Any CPU = Release|Any CPU
	EndGlobalSection
	GlobalSection(ProjectConfigurationPlatforms) = postSolution
		{71AB9433-8F50-4BEA-A510-38A5C1DF339A}.Debug|Any CPU.ActiveCfg = Debug|Any CPU
		{71AB9433-8F50-4BEA-A510-38A5C1DF339A}.Debug|Any CPU.Build.0 = Debug|Any CPU
		{71AB9433-8F50-4BEA-A510-38A5C1DF339A}.Release|Any CPU.ActiveCfg = Release|Any CPU
		{71AB9433-8F50-4BEA-A510-38A5C1DF339A}.Release|Any CPU.Build.0 = Release|Any CPU
	EndGlobalSection
	GlobalSection(SolutionProperties) = preSolution
		HideSolutionNode = FALSE
	EndGlobalSection
	GlobalSection(ExtensibilityGlobals) = postSolution
		SolutionGuid = {3D05F042-3DBA-4FC3-BEB5-48E619CE1CDB}
	EndGlobalSection
EndGlobal
